// !$*UTF8*$!
{
	archiveVersion = 1;
	classes = {
	};
	objectVersion = 55;
	objects = {

/* Begin PBXBuildFile section */
		F78D2F7528A573FB0055D5D1 /* UpdateView.swift in Sources */ = {isa = PBXBuildFile; fileRef = F78D2F7428A573FB0055D5D1 /* UpdateView.swift */; };
		F791CE5528A2234C0012900D /* RestAPI.swift in Sources */ = {isa = PBXBuildFile; fileRef = F791CE5428A2234C0012900D /* RestAPI.swift */; };
		F7B2070F289EAE950005AA5E /* BlogPosts.swift in Sources */ = {isa = PBXBuildFile; fileRef = F7B2070E289EAE950005AA5E /* BlogPosts.swift */; };
		F7BA4691289FE9EB00666979 /* BlogPostCardMain.swift in Sources */ = {isa = PBXBuildFile; fileRef = F7BA4690289FE9EB00666979 /* BlogPostCardMain.swift */; };
		F7BA4693289FEE5C00666979 /* HexColorExtension.swift in Sources */ = {isa = PBXBuildFile; fileRef = F7BA4692289FEE5C00666979 /* HexColorExtension.swift */; };
		F7BA4695289FF47C00666979 /* BlogPostView.swift in Sources */ = {isa = PBXBuildFile; fileRef = F7BA4694289FF47C00666979 /* BlogPostView.swift */; };
		F7BA4697289FF8E500666979 /* AllPosts.swift in Sources */ = {isa = PBXBuildFile; fileRef = F7BA4696289FF8E500666979 /* AllPosts.swift */; };
		F7BA4699289FF9CE00666979 /* BlogPostCardList.swift in Sources */ = {isa = PBXBuildFile; fileRef = F7BA4698289FF9CE00666979 /* BlogPostCardList.swift */; };
		F7E4595B289C325300862D29 /* ITStoryApp.swift in Sources */ = {isa = PBXBuildFile; fileRef = F7E4595A289C325300862D29 /* ITStoryApp.swift */; };
		F7E4595D289C325300862D29 /* ContentView.swift in Sources */ = {isa = PBXBuildFile; fileRef = F7E4595C289C325300862D29 /* ContentView.swift */; };
		F7E4595F289C325700862D29 /* Assets.xcassets in Resources */ = {isa = PBXBuildFile; fileRef = F7E4595E289C325700862D29 /* Assets.xcassets */; };
		F7E45962289C325700862D29 /* Preview Assets.xcassets in Resources */ = {isa = PBXBuildFile; fileRef = F7E45961289C325700862D29 /* Preview Assets.xcassets */; };
		F7E45969289C34B200862D29 /* MyTabView.swift in Sources */ = {isa = PBXBuildFile; fileRef = F7E45968289C34B200862D29 /* MyTabView.swift */; };
		F7E4596B289C354600862D29 /* WritingView.swift in Sources */ = {isa = PBXBuildFile; fileRef = F7E4596A289C354600862D29 /* WritingView.swift */; };
		F7E4596D289C355300862D29 /* MypageView.swift in Sources */ = {isa = PBXBuildFile; fileRef = F7E4596C289C355300862D29 /* MypageView.swift */; };
		F7E4596F289C376900862D29 /* HomeView.swift in Sources */ = {isa = PBXBuildFile; fileRef = F7E4596E289C376900862D29 /* HomeView.swift */; };
/* End PBXBuildFile section */

/* Begin PBXFileReference section */
		F78D2F7328A5609A0055D5D1 /* Info.plist */ = {isa = PBXFileReference; lastKnownFileType = text.plist; path = Info.plist; sourceTree = "<group>"; };
		F78D2F7428A573FB0055D5D1 /* UpdateView.swift */ = {isa = PBXFileReference; lastKnownFileType = sourcecode.swift; path = UpdateView.swift; sourceTree = "<group>"; };
		F791CE5428A2234C0012900D /* RestAPI.swift */ = {isa = PBXFileReference; lastKnownFileType = sourcecode.swift; path = RestAPI.swift; sourceTree = "<group>"; };
		F7B2070E289EAE950005AA5E /* BlogPosts.swift */ = {isa = PBXFileReference; lastKnownFileType = sourcecode.swift; path = BlogPosts.swift; sourceTree = "<group>"; };
		F7BA4690289FE9EB00666979 /* BlogPostCardMain.swift */ = {isa = PBXFileReference; lastKnownFileType = sourcecode.swift; path = BlogPostCardMain.swift; sourceTree = "<group>"; };
		F7BA4692289FEE5C00666979 /* HexColorExtension.swift */ = {isa = PBXFileReference; lastKnownFileType = sourcecode.swift; path = HexColorExtension.swift; sourceTree = "<group>"; };
		F7BA4694289FF47C00666979 /* BlogPostView.swift */ = {isa = PBXFileReference; lastKnownFileType = sourcecode.swift; path = BlogPostView.swift; sourceTree = "<group>"; };
		F7BA4696289FF8E500666979 /* AllPosts.swift */ = {isa = PBXFileReference; lastKnownFileType = sourcecode.swift; path = AllPosts.swift; sourceTree = "<group>"; };
		F7BA4698289FF9CE00666979 /* BlogPostCardList.swift */ = {isa = PBXFileReference; lastKnownFileType = sourcecode.swift; path = BlogPostCardList.swift; sourceTree = "<group>"; };
		F7E45957289C325300862D29 /* ITStory.app */ = {isa = PBXFileReference; explicitFileType = wrapper.application; includeInIndex = 0; path = ITStory.app; sourceTree = BUILT_PRODUCTS_DIR; };
		F7E4595A289C325300862D29 /* ITStoryApp.swift */ = {isa = PBXFileReference; lastKnownFileType = sourcecode.swift; path = ITStoryApp.swift; sourceTree = "<group>"; };
		F7E4595C289C325300862D29 /* ContentView.swift */ = {isa = PBXFileReference; lastKnownFileType = sourcecode.swift; path = ContentView.swift; sourceTree = "<group>"; };
		F7E4595E289C325700862D29 /* Assets.xcassets */ = {isa = PBXFileReference; lastKnownFileType = folder.assetcatalog; path = Assets.xcassets; sourceTree = "<group>"; };
		F7E45961289C325700862D29 /* Preview Assets.xcassets */ = {isa = PBXFileReference; lastKnownFileType = folder.assetcatalog; path = "Preview Assets.xcassets"; sourceTree = "<group>"; };
		F7E45968289C34B200862D29 /* MyTabView.swift */ = {isa = PBXFileReference; lastKnownFileType = sourcecode.swift; path = MyTabView.swift; sourceTree = "<group>"; };
		F7E4596A289C354600862D29 /* WritingView.swift */ = {isa = PBXFileReference; lastKnownFileType = sourcecode.swift; path = WritingView.swift; sourceTree = "<group>"; };
		F7E4596C289C355300862D29 /* MypageView.swift */ = {isa = PBXFileReference; lastKnownFileType = sourcecode.swift; path = MypageView.swift; sourceTree = "<group>"; };
		F7E4596E289C376900862D29 /* HomeView.swift */ = {isa = PBXFileReference; lastKnownFileType = sourcecode.swift; path = HomeView.swift; sourceTree = "<group>"; };
/* End PBXFileReference section */

/* Begin PBXFrameworksBuildPhase section */
		F7E45954289C325300862D29 /* Frameworks */ = {
			isa = PBXFrameworksBuildPhase;
			buildActionMask = 2147483647;
			files = (
			);
			runOnlyForDeploymentPostprocessing = 0;
		};
/* End PBXFrameworksBuildPhase section */

/* Begin PBXGroup section */
		F7B2070D289EA8AB0005AA5E /* test */ = {
			isa = PBXGroup;
			children = (
				F7B2070E289EAE950005AA5E /* BlogPosts.swift */,
				F7BA4692289FEE5C00666979 /* HexColorExtension.swift */,
				F7BA4690289FE9EB00666979 /* BlogPostCardMain.swift */,
				F7BA4696289FF8E500666979 /* AllPosts.swift */,
				F7E45968289C34B200862D29 /* MyTabView.swift */,
				F7E4596E289C376900862D29 /* HomeView.swift */,
				F7E4596C289C355300862D29 /* MypageView.swift */,
			);
			path = test;
			sourceTree = "<group>";
		};
		F7E4594E289C325300862D29 = {
			isa = PBXGroup;
			children = (
				F7E45959289C325300862D29 /* ITStory */,
				F7E45958289C325300862D29 /* Products */,
			);
			sourceTree = "<group>";
		};
		F7E45958289C325300862D29 /* Products */ = {
			isa = PBXGroup;
			children = (
				F7E45957289C325300862D29 /* ITStory.app */,
			);
			name = Products;
			sourceTree = "<group>";
		};
		F7E45959289C325300862D29 /* ITStory */ = {
			isa = PBXGroup;
			children = (
				F78D2F7328A5609A0055D5D1 /* Info.plist */,
				F7B2070D289EA8AB0005AA5E /* test */,
				F7E4595A289C325300862D29 /* ITStoryApp.swift */,
				F7E4595C289C325300862D29 /* ContentView.swift */,
				F7E4596A289C354600862D29 /* WritingView.swift */,
				F7E4595E289C325700862D29 /* Assets.xcassets */,
				F7E45960289C325700862D29 /* Preview Content */,
				F7BA4694289FF47C00666979 /* BlogPostView.swift */,
				F7BA4698289FF9CE00666979 /* BlogPostCardList.swift */,
				F791CE5428A2234C0012900D /* RestAPI.swift */,
				F78D2F7428A573FB0055D5D1 /* UpdateView.swift */,
			);
			path = ITStory;
			sourceTree = "<group>";
		};
		F7E45960289C325700862D29 /* Preview Content */ = {
			isa = PBXGroup;
			children = (
				F7E45961289C325700862D29 /* Preview Assets.xcassets */,
			);
			path = "Preview Content";
			sourceTree = "<group>";
		};
/* End PBXGroup section */

/* Begin PBXNativeTarget section */
		F7E45956289C325300862D29 /* ITStory */ = {
			isa = PBXNativeTarget;
			buildConfigurationList = F7E45965289C325700862D29 /* Build configuration list for PBXNativeTarget "ITStory" */;
			buildPhases = (
				F7E45953289C325300862D29 /* Sources */,
				F7E45954289C325300862D29 /* Frameworks */,
				F7E45955289C325300862D29 /* Resources */,
			);
			buildRules = (
			);
			dependencies = (
			);
			name = ITStory;
			productName = ITStory;
			productReference = F7E45957289C325300862D29 /* ITStory.app */;
			productType = "com.apple.product-type.application";
		};
/* End PBXNativeTarget section */

/* Begin PBXProject section */
		F7E4594F289C325300862D29 /* Project object */ = {
			isa = PBXProject;
			attributes = {
				BuildIndependentTargetsInParallel = 1;
				LastSwiftUpdateCheck = 1330;
				LastUpgradeCheck = 1330;
				TargetAttributes = {
					F7E45956289C325300862D29 = {
						CreatedOnToolsVersion = 13.3.1;
					};
				};
			};
			buildConfigurationList = F7E45952289C325300862D29 /* Build configuration list for PBXProject "ITStory" */;
			compatibilityVersion = "Xcode 13.0";
			developmentRegion = en;
			hasScannedForEncodings = 0;
			knownRegions = (
				en,
				Base,
			);
			mainGroup = F7E4594E289C325300862D29;
			productRefGroup = F7E45958289C325300862D29 /* Products */;
			projectDirPath = "";
			projectRoot = "";
			targets = (
				F7E45956289C325300862D29 /* ITStory */,
			);
		};
/* End PBXProject section */

/* Begin PBXResourcesBuildPhase section */
		F7E45955289C325300862D29 /* Resources */ = {
			isa = PBXResourcesBuildPhase;
			buildActionMask = 2147483647;
			files = (
				F7E45962289C325700862D29 /* Preview Assets.xcassets in Resources */,
				F7E4595F289C325700862D29 /* Assets.xcassets in Resources */,
			);
			runOnlyForDeploymentPostprocessing = 0;
		};
/* End PBXResourcesBuildPhase section */

/* Begin PBXSourcesBuildPhase section */
		F7E45953289C325300862D29 /* Sources */ = {
			isa = PBXSourcesBuildPhase;
			buildActionMask = 2147483647;
			files = (
				F7E4595D289C325300862D29 /* ContentView.swift in Sources */,
				F7BA4699289FF9CE00666979 /* BlogPostCardList.swift in Sources */,
				F7E45969289C34B200862D29 /* MyTabView.swift in Sources */,
				F7BA4695289FF47C00666979 /* BlogPostView.swift in Sources */,
				F7BA4691289FE9EB00666979 /* BlogPostCardMain.swift in Sources */,
				F78D2F7528A573FB0055D5D1 /* UpdateView.swift in Sources */,
				F7E4595B289C325300862D29 /* ITStoryApp.swift in Sources */,
				F7BA4693289FEE5C00666979 /* HexColorExtension.swift in Sources */,
				F7E4596F289C376900862D29 /* HomeView.swift in Sources */,
				F7E4596B289C354600862D29 /* WritingView.swift in Sources */,
				F7BA4697289FF8E500666979 /* AllPosts.swift in Sources */,
				F791CE5528A2234C0012900D /* RestAPI.swift in Sources */,
				F7B2070F289EAE950005AA5E /* BlogPosts.swift in Sources */,
				F7E4596D289C355300862D29 /* MypageView.swift in Sources */,
			);
			runOnlyForDeploymentPostprocessing = 0;
		};
/* End PBXSourcesBuildPhase section */

/* Begin XCBuildConfiguration section */
		F7E45963289C325700862D29 /* Debug */ = {
			isa = XCBuildConfiguration;
			buildSettings = {
				ALWAYS_SEARCH_USER_PATHS = NO;
				CLANG_ANALYZER_NONNULL = YES;
				CLANG_ANALYZER_NUMBER_OBJECT_CONVERSION = YES_AGGRESSIVE;
				CLANG_CXX_LANGUAGE_STANDARD = "gnu++17";
				CLANG_ENABLE_MODULES = YES;
				CLANG_ENABLE_OBJC_ARC = YES;
				CLANG_ENABLE_OBJC_WEAK = YES;
				CLANG_WARN_BLOCK_CAPTURE_AUTORELEASING = YES;
				CLANG_WARN_BOOL_CONVERSION = YES;
				CLANG_WARN_COMMA = YES;
				CLANG_WARN_CONSTANT_CONVERSION = YES;
				CLANG_WARN_DEPRECATED_OBJC_IMPLEMENTATIONS = YES;
				CLANG_WARN_DIRECT_OBJC_ISA_USAGE = YES_ERROR;
				CLANG_WARN_DOCUMENTATION_COMMENTS = YES;
				CLANG_WARN_EMPTY_BODY = YES;
				CLANG_WARN_ENUM_CONVERSION = YES;
				CLANG_WARN_INFINITE_RECURSION = YES;
				CLANG_WARN_INT_CONVERSION = YES;
				CLANG_WARN_NON_LITERAL_NULL_CONVERSION = YES;
				CLANG_WARN_OBJC_IMPLICIT_RETAIN_SELF = YES;
				CLANG_WARN_OBJC_LITERAL_CONVERSION = YES;
				CLANG_WARN_OBJC_ROOT_CLASS = YES_ERROR;
				CLANG_WARN_QUOTED_INCLUDE_IN_FRAMEWORK_HEADER = YES;
				CLANG_WARN_RANGE_LOOP_ANALYSIS = YES;
				CLANG_WARN_STRICT_PROTOTYPES = YES;
				CLANG_WARN_SUSPICIOUS_MOVE = YES;
				CLANG_WARN_UNGUARDED_AVAILABILITY = YES_AGGRESSIVE;
				CLANG_WARN_UNREACHABLE_CODE = YES;
				CLANG_WARN__DUPLICATE_METHOD_MATCH = YES;
				COPY_PHASE_STRIP = NO;
				DEBUG_INFORMATION_FORMAT = dwarf;
				ENABLE_STRICT_OBJC_MSGSEND = YES;
				ENABLE_TESTABILITY = YES;
				GCC_C_LANGUAGE_STANDARD = gnu11;
				GCC_DYNAMIC_NO_PIC = NO;
				GCC_NO_COMMON_BLOCKS = YES;
				GCC_OPTIMIZATION_LEVEL = 0;
				GCC_PREPROCESSOR_DEFINITIONS = (
					"DEBUG=1",
					"$(inherited)",
				);
				GCC_WARN_64_TO_32_BIT_CONVERSION = YES;
				GCC_WARN_ABOUT_RETURN_TYPE = YES_ERROR;
				GCC_WARN_UNDECLARED_SELECTOR = YES;
				GCC_WARN_UNINITIALIZED_AUTOS = YES_AGGRESSIVE;
				GCC_WARN_UNUSED_FUNCTION = YES;
				GCC_WARN_UNUSED_VARIABLE = YES;
				IPHONEOS_DEPLOYMENT_TARGET = 15.4;
				MTL_ENABLE_DEBUG_INFO = INCLUDE_SOURCE;
				MTL_FAST_MATH = YES;
				ONLY_ACTIVE_ARCH = YES;
				SDKROOT = iphoneos;
				SWIFT_ACTIVE_COMPILATION_CONDITIONS = DEBUG;
				SWIFT_OPTIMIZATION_LEVEL = "-Onone";
			};
			name = Debug;
		};
		F7E45964289C325700862D29 /* Release */ = {
			isa = XCBuildConfiguration;
			buildSettings = {
				ALWAYS_SEARCH_USER_PATHS = NO;
				CLANG_ANALYZER_NONNULL = YES;
				CLANG_ANALYZER_NUMBER_OBJECT_CONVERSION = YES_AGGRESSIVE;
				CLANG_CXX_LANGUAGE_STANDARD = "gnu++17";
				CLANG_ENABLE_MODULES = YES;
				CLANG_ENABLE_OBJC_ARC = YES;
				CLANG_ENABLE_OBJC_WEAK = YES;
				CLANG_WARN_BLOCK_CAPTURE_AUTORELEASING = YES;
				CLANG_WARN_BOOL_CONVERSION = YES;
				CLANG_WARN_COMMA = YES;
				CLANG_WARN_CONSTANT_CONVERSION = YES;
				CLANG_WARN_DEPRECATED_OBJC_IMPLEMENTATIONS = YES;
				CLANG_WARN_DIRECT_OBJC_ISA_USAGE = YES_ERROR;
				CLANG_WARN_DOCUMENTATION_COMMENTS = YES;
				CLANG_WARN_EMPTY_BODY = YES;
				CLANG_WARN_ENUM_CONVERSION = YES;
				CLANG_WARN_INFINITE_RECURSION = YES;
				CLANG_WARN_INT_CONVERSION = YES;
				CLANG_WARN_NON_LITERAL_NULL_CONVERSION = YES;
				CLANG_WARN_OBJC_IMPLICIT_RETAIN_SELF = YES;
				CLANG_WARN_OBJC_LITERAL_CONVERSION = YES;
				CLANG_WARN_OBJC_ROOT_CLASS = YES_ERROR;
				CLANG_WARN_QUOTED_INCLUDE_IN_FRAMEWORK_HEADER = YES;
				CLANG_WARN_RANGE_LOOP_ANALYSIS = YES;
				CLANG_WARN_STRICT_PROTOTYPES = YES;
				CLANG_WARN_SUSPICIOUS_MOVE = YES;
				CLANG_WARN_UNGUARDED_AVAILABILITY = YES_AGGRESSIVE;
				CLANG_WARN_UNREACHABLE_CODE = YES;
				CLANG_WARN__DUPLICATE_METHOD_MATCH = YES;
				COPY_PHASE_STRIP = NO;
				DEBUG_INFORMATION_FORMAT = "dwarf-with-dsym";
				ENABLE_NS_ASSERTIONS = NO;
				ENABLE_STRICT_OBJC_MSGSEND = YES;
				GCC_C_LANGUAGE_STANDARD = gnu11;
				GCC_NO_COMMON_BLOCKS = YES;
				GCC_WARN_64_TO_32_BIT_CONVERSION = YES;
				GCC_WARN_ABOUT_RETURN_TYPE = YES_ERROR;
				GCC_WARN_UNDECLARED_SELECTOR = YES;
				GCC_WARN_UNINITIALIZED_AUTOS = YES_AGGRESSIVE;
				GCC_WARN_UNUSED_FUNCTION = YES;
				GCC_WARN_UNUSED_VARIABLE = YES;
				IPHONEOS_DEPLOYMENT_TARGET = 15.4;
				MTL_ENABLE_DEBUG_INFO = NO;
				MTL_FAST_MATH = YES;
				SDKROOT = iphoneos;
				SWIFT_COMPILATION_MODE = wholemodule;
				SWIFT_OPTIMIZATION_LEVEL = "-O";
				VALIDATE_PRODUCT = YES;
			};
			name = Release;
		};
		F7E45966289C325700862D29 /* Debug */ = {
			isa = XCBuildConfiguration;
			buildSettings = {
				ASSETCATALOG_COMPILER_APPICON_NAME = AppIcon;
				ASSETCATALOG_COMPILER_GLOBAL_ACCENT_COLOR_NAME = AccentColor;
				CODE_SIGN_STYLE = Automatic;
				CURRENT_PROJECT_VERSION = 1;
				DEVELOPMENT_ASSET_PATHS = "\"ITStory/Preview Content\"";
				DEVELOPMENT_TEAM = T9JBD726X3;
				ENABLE_PREVIEWS = YES;
				GENERATE_INFOPLIST_FILE = YES;
				INFOPLIST_FILE = ITStory/Info.plist;
				INFOPLIST_KEY_UIApplicationSceneManifest_Generation = YES;
				INFOPLIST_KEY_UIApplicationSupportsIndirectInputEvents = YES;
				INFOPLIST_KEY_UILaunchScreen_Generation = YES;
				INFOPLIST_KEY_UISupportedInterfaceOrientations_iPad = "UIInterfaceOrientationPortrait UIInterfaceOrientationPortraitUpsideDown UIInterfaceOrientationLandscapeLeft UIInterfaceOrientationLandscapeRight";
				INFOPLIST_KEY_UISupportedInterfaceOrientations_iPhone = "UIInterfaceOrientationPortrait UIInterfaceOrientationLandscapeLeft UIInterfaceOrientationLandscapeRight";
				LD_RUNPATH_SEARCH_PATHS = (
					"$(inherited)",
					"@executable_path/Frameworks",
				);
				MARKETING_VERSION = 1.0;
				PRODUCT_BUNDLE_IDENTIFIER = jh.ITStory;
				PRODUCT_NAME = "$(TARGET_NAME)";
				SWIFT_EMIT_LOC_STRINGS = YES;
				SWIFT_VERSION = 5.0;
				TARGETED_DEVICE_FAMILY = "1,2";
			};
			name = Debug;
		};
		F7E45967289C325700862D29 /* Release */ = {
			isa = XCBuildConfiguration;
			buildSettings = {
				ASSETCATALOG_COMPILER_APPICON_NAME = AppIcon;
				ASSETCATALOG_COMPILER_GLOBAL_ACCENT_COLOR_NAME = AccentColor;
				CODE_SIGN_STYLE = Automatic;
				CURRENT_PROJECT_VERSION = 1;
				DEVELOPMENT_ASSET_PATHS = "\"ITStory/Preview Content\"";
				DEVELOPMENT_TEAM = T9JBD726X3;
				ENABLE_PREVIEWS = YES;
				GENERATE_INFOPLIST_FILE = YES;
				INFOPLIST_FILE = ITStory/Info.plist;
				INFOPLIST_KEY_UIApplicationSceneManifest_Generation = YES;
				INFOPLIST_KEY_UIApplicationSupportsIndirectInputEvents = YES;
				INFOPLIST_KEY_UILaunchScreen_Generation = YES;
				INFOPLIST_KEY_UISupportedInterfaceOrientations_iPad = "UIInterfaceOrientationPortrait UIInterfaceOrientationPortraitUpsideDown UIInterfaceOrientationLandscapeLeft UIInterfaceOrientationLandscapeRight";
				INFOPLIST_KEY_UISupportedInterfaceOrientations_iPhone = "UIInterfaceOrientationPortrait UIInterfaceOrientationLandscapeLeft UIInterfaceOrientationLandscapeRight";
				LD_RUNPATH_SEARCH_PATHS = (
					"$(inherited)",
					"@executable_path/Frameworks",
				);
				MARKETING_VERSION = 1.0;
				PRODUCT_BUNDLE_IDENTIFIER = jh.ITStory;
				PRODUCT_NAME = "$(TARGET_NAME)";
				SWIFT_EMIT_LOC_STRINGS = YES;
				SWIFT_VERSION = 5.0;
				TARGETED_DEVICE_FAMILY = "1,2";
			};
			name = Release;
		};
/* End XCBuildConfiguration section */

/* Begin XCConfigurationList section */
		F7E45952289C325300862D29 /* Build configuration list for PBXProject "ITStory" */ = {
			isa = XCConfigurationList;
			buildConfigurations = (
				F7E45963289C325700862D29 /* Debug */,
				F7E45964289C325700862D29 /* Release */,
			);
			defaultConfigurationIsVisible = 0;
			defaultConfigurationName = Release;
		};
		F7E45965289C325700862D29 /* Build configuration list for PBXNativeTarget "ITStory" */ = {
			isa = XCConfigurationList;
			buildConfigurations = (
				F7E45966289C325700862D29 /* Debug */,
				F7E45967289C325700862D29 /* Release */,
			);
			defaultConfigurationIsVisible = 0;
			defaultConfigurationName = Release;
		};
/* End XCConfigurationList section */
	};
	rootObject = F7E4594F289C325300862D29 /* Project object */;
}
